
Microsoft Visual Studio Solution File, Format Version 12.00
# Visual Studio Version 17
VisualStudioVersion = 17.6.33829.357
MinimumVisualStudioVersion = 10.0.40219.1
Project("{FAE04EC0-301F-11D3-BF4B-00C04F79EFBC}") = "SchoolSystem1", "SchoolSystem1\SchoolSystem1.csproj", "{96DFAACD-E124-4441-8FDF-0287A7C40FFD}"
EndProject
Global
	GlobalSection(SolutionConfigurationPlatforms) = preSolution
		Debug|Any CPU = Debug|Any CPU
		Release|Any CPU = Release|Any CPU
	EndGlobalSection
	GlobalSection(ProjectConfigurationPlatforms) = postSolution
		{96DFAACD-E124-4441-8FDF-0287A7C40FFD}.Debug|Any CPU.ActiveCfg = Debug|Any CPU
		{96DFAACD-E124-4441-8FDF-0287A7C40FFD}.Debug|Any CPU.Build.0 = Debug|Any CPU
		{96DFAACD-E124-4441-8FDF-0287A7C40FFD}.Release|Any CPU.ActiveCfg = Release|Any CPU
		{96DFAACD-E124-4441-8FDF-0287A7C40FFD}.Release|Any CPU.Build.0 = Release|Any CPU
	EndGlobalSection
	GlobalSection(SolutionProperties) = preSolution
		HideSolutionNode = FALSE
	EndGlobalSection
	GlobalSection(ExtensibilityGlobals) = postSolution
		SolutionGuid = {D5769FB4-A14E-4FF8-90D0-B89C325C5929}
	EndGlobalSection
EndGlobal
